
Microsoft Visual Studio Solution File, Format Version 12.00
# Visual Studio 14
VisualStudioVersion = 14.0.23107.0
MinimumVisualStudioVersion = 10.0.40219.1
Project("{FAE04EC0-301F-11D3-BF4B-00C04F79EFBC}") = "SomeTools", "SomeTools\SomeTools.csproj", "{BE4C2B47-634A-481B-A513-0647F1135B8C}"
EndProject
Project("{FAE04EC0-301F-11D3-BF4B-00C04F79EFBC}") = "SomeTools.Tests", "SomeTools.Tests\SomeTools.Tests.csproj", "{7920498F-E447-4875-B6FC-3D4517CB692C}"
EndProject
Global
	GlobalSection(SolutionConfigurationPlatforms) = preSolution
		Debug|Any CPU = Debug|Any CPU
		Release|Any CPU = Release|Any CPU
	EndGlobalSection
	GlobalSection(ProjectConfigurationPlatforms) = postSolution
		{BE4C2B47-634A-481B-A513-0647F1135B8C}.Debug|Any CPU.ActiveCfg = Debug|Any CPU
		{BE4C2B47-634A-481B-A513-0647F1135B8C}.Debug|Any CPU.Build.0 = Debug|Any CPU
		{BE4C2B47-634A-481B-A513-0647F1135B8C}.Release|Any CPU.ActiveCfg = Release|Any CPU
		{BE4C2B47-634A-481B-A513-0647F1135B8C}.Release|Any CPU.Build.0 = Release|Any CPU
		{7920498F-E447-4875-B6FC-3D4517CB692C}.Debug|Any CPU.ActiveCfg = Debug|Any CPU
		{7920498F-E447-4875-B6FC-3D4517CB692C}.Debug|Any CPU.Build.0 = Debug|Any CPU
		{7920498F-E447-4875-B6FC-3D4517CB692C}.Release|Any CPU.ActiveCfg = Release|Any CPU
		{7920498F-E447-4875-B6FC-3D4517CB692C}.Release|Any CPU.Build.0 = Release|Any CPU
	EndGlobalSection
	GlobalSection(SolutionProperties) = preSolution
		HideSolutionNode = FALSE
	EndGlobalSection
EndGlobal
